
Microsoft Visual Studio Solution File, Format Version 12.00
# Visual Studio Version 17
VisualStudioVersion = 17.9.34728.123
MinimumVisualStudioVersion = 10.0.40219.1
Project("{FAE04EC0-301F-11D3-BF4B-00C04F79EFBC}") = "Online_Lbrary_System", "On_Lbrary_System\Online_Lbrary_System.csproj", "{3A60FD0A-C8B8-47CF-AB5F-D05E333590D3}"
EndProject
Global
	GlobalSection(SolutionConfigurationPlatforms) = preSolution
		Debug|Any CPU = Debug|Any CPU
		Release|Any CPU = Release|Any CPU
	EndGlobalSection
	GlobalSection(ProjectConfigurationPlatforms) = postSolution
		{3A60FD0A-C8B8-47CF-AB5F-D05E333590D3}.Debug|Any CPU.ActiveCfg = Debug|Any CPU
		{3A60FD0A-C8B8-47CF-AB5F-D05E333590D3}.Debug|Any CPU.Build.0 = Debug|Any CPU
		{3A60FD0A-C8B8-47CF-AB5F-D05E333590D3}.Release|Any CPU.ActiveCfg = Release|Any CPU
		{3A60FD0A-C8B8-47CF-AB5F-D05E333590D3}.Release|Any CPU.Build.0 = Release|Any CPU
	EndGlobalSection
	GlobalSection(SolutionProperties) = preSolution
		HideSolutionNode = FALSE
	EndGlobalSection
	GlobalSection(ExtensibilityGlobals) = postSolution
		SolutionGuid = {7D704902-AFF2-4BD9-94D4-CF17F59E0CD8}
	EndGlobalSection
EndGlobal
